
Microsoft Visual Studio Solution File, Format Version 12.00
# Visual Studio 15
VisualStudioVersion = 15.0.27428.2015
MinimumVisualStudioVersion = 10.0.40219.1
Project("{FAE04EC0-301F-11D3-BF4B-00C04F79EFBC}") = "TheDeserter", "TheDeserter\TheDeserter.csproj", "{5F37F74E-BDEA-4A10-9F7D-8F52F8E85D05}"
EndProject
Global
	GlobalSection(SolutionConfigurationPlatforms) = preSolution
		Debug|Any CPU = Debug|Any CPU
		Debug|x86 = Debug|x86
		Release|Any CPU = Release|Any CPU
		Release|x86 = Release|x86
	EndGlobalSection
	GlobalSection(ProjectConfigurationPlatforms) = postSolution
		{5F37F74E-BDEA-4A10-9F7D-8F52F8E85D05}.Debug|Any CPU.ActiveCfg = Debug|x86
		{5F37F74E-BDEA-4A10-9F7D-8F52F8E85D05}.Debug|x86.ActiveCfg = Debug|x86
		{5F37F74E-BDEA-4A10-9F7D-8F52F8E85D05}.Debug|x86.Build.0 = Debug|x86
		{5F37F74E-BDEA-4A10-9F7D-8F52F8E85D05}.Release|Any CPU.ActiveCfg = Release|x86
		{5F37F74E-BDEA-4A10-9F7D-8F52F8E85D05}.Release|x86.ActiveCfg = Release|x86
		{5F37F74E-BDEA-4A10-9F7D-8F52F8E85D05}.Release|x86.Build.0 = Release|x86
	EndGlobalSection
	GlobalSection(SolutionProperties) = preSolution
		HideSolutionNode = FALSE
	EndGlobalSection
	GlobalSection(ExtensibilityGlobals) = postSolution
		SolutionGuid = {04920281-76CE-4407-B597-EF7F8F9605E4}
	EndGlobalSection
EndGlobal
